{
  "version": "v1",
  "packages": {
    "widget-1": {
      "signature": "e83d52fbf071ee1930b305c89f234dd1",
      "file": true
    },
    "widget-2": {
      "signature": "a3a265dfc8fc03db78c830627243fab5",
      "file": true
    },
    "widget-3": {
      "signature": "164275b8ee220874022c50a24e817894",
      "file": true
    },
    "state-channels": {
      "signature": "f2ab1a472c250a1df3f4ddb42c89949b",
      "file": true
    }
  }
}
